<?xml version="1.0" encoding="utf-8"?>
<Project ToolsVersion="4.0" xmlns="http://schemas.microsoft.com/developer/msbuild/2003">
  <ItemGroup>
    <Filter Include="Source Files">
      <UniqueIdentifier>{4FC737F1-C7A5-4376-A066-2A32D752A2FF}</UniqueIdentifier>
      <Extensions>cpp;c;cc;cxx;def;odl;idl;hpj;bat;asm;asmx</Extensions>
    </Filter>
    <Filter Include="Converter">
      <UniqueIdentifier>{8b782149-5ec7-4165-87e6-ee3d9648348a}</UniqueIdentifier>
    </Filter>
    <Filter Include="Clock">
      <UniqueIdentifier>{1d7ebd7b-4d61-40e8-b5d1-a4a397debb56}</UniqueIdentifier>
    </Filter>
    <Filter Include="Input Parser">
      <UniqueIdentifier>{fceaea06-1889-457b-9b4d-72bf42006c48}</UniqueIdentifier>
    </Filter>
  </ItemGroup>
  <ItemGroup>
    <ClCompile Include="Converter\Reader.cpp">
      <Filter>Converter</Filter>
    </ClCompile>
    <ClCompile Include="Converter\Writer.cpp">
      <Filter>Converter</Filter>
    </ClCompile>
    <ClCompile Include="Clock\Clock.cpp">
      <Filter>Clock</Filter>
    </ClCompile>
    <ClCompile Include="main.cpp">
      <Filter>Source Files</Filter>
    </ClCompile>
    <ClCompile Include="InputParser\InputParser.cpp">
      <Filter>Input Parser</Filter>
    </ClCompile>
  </ItemGroup>
  <ItemGroup>
    <ClInclude Include="Converter\Reader.h">
      <Filter>Converter</Filter>
    </ClInclude>
    <ClInclude Include="Converter\Writer.h">
      <Filter>Converter</Filter>
    </ClInclude>
    <ClInclude Include="Clock\Clock.h">
      <Filter>Clock</Filter>
    </ClInclude>
    <ClInclude Include="InputParser\InputParser.h">
      <Filter>Input Parser</Filter>
    </ClInclude>
  </ItemGroup>
</Project>